// !$*UTF8*$!
{
	archiveVersion = 1;
	classes = {
	};
	objectVersion = 56;
	objects = {

/* Begin PBXBuildFile section */
		FA7ED2AE2B47954D006CDA9F /* WeeksTopImagesApp.swift in Sources */ = {isa = PBXBuildFile; fileRef = FA7ED2AD2B47954D006CDA9F /* WeeksTopImagesApp.swift */; };
		FA7ED2B02B47954D006CDA9F /* ContentView.swift in Sources */ = {isa = PBXBuildFile; fileRef = FA7ED2AF2B47954D006CDA9F /* ContentView.swift */; };
		FA7ED2B22B47954E006CDA9F /* Assets.xcassets in Resources */ = {isa = PBXBuildFile; fileRef = FA7ED2B12B47954E006CDA9F /* Assets.xcassets */; };
		FA7ED2B52B47954E006CDA9F /* Preview Assets.xcassets in Resources */ = {isa = PBXBuildFile; fileRef = FA7ED2B42B47954E006CDA9F /* Preview Assets.xcassets */; };
		FA7ED2C92B47954F006CDA9F /* WeeksTopImagesUITests.swift in Sources */ = {isa = PBXBuildFile; fileRef = FA7ED2C82B47954F006CDA9F /* WeeksTopImagesUITests.swift */; };
		FA7ED2CB2B47954F006CDA9F /* WeeksTopImagesUITestsLaunchTests.swift in Sources */ = {isa = PBXBuildFile; fileRef = FA7ED2CA2B47954F006CDA9F /* WeeksTopImagesUITestsLaunchTests.swift */; };
		FA7ED2DC2B47E5DD006CDA9F /* GallerySearchService.swift in Sources */ = {isa = PBXBuildFile; fileRef = FA7ED2DB2B47E5DD006CDA9F /* GallerySearchService.swift */; };
		FA7ED2DE2B47E5F7006CDA9F /* ImageModel.swift in Sources */ = {isa = PBXBuildFile; fileRef = FA7ED2DD2B47E5F7006CDA9F /* ImageModel.swift */; };
		FA7ED2E02B47E6C5006CDA9F /* DateFormatter.swift in Sources */ = {isa = PBXBuildFile; fileRef = FA7ED2DF2B47E6C5006CDA9F /* DateFormatter.swift */; };
		FA7ED2E32B4AD06E006CDA9F /* GallerySearchService.swift in Sources */ = {isa = PBXBuildFile; fileRef = FA7ED2E22B4AD06E006CDA9F /* GallerySearchService.swift */; };
		FA7ED2E52B4ADDBC006CDA9F /* AppConfig.swift in Sources */ = {isa = PBXBuildFile; fileRef = FA7ED2E42B4ADDBC006CDA9F /* AppConfig.swift */; };
		FA7ED2E72B4AE1E4006CDA9F /* GallerySearchService+Config.swift in Sources */ = {isa = PBXBuildFile; fileRef = FA7ED2E62B4AE1E4006CDA9F /* GallerySearchService+Config.swift */; };
		FA7ED2E92B4AEDC9006CDA9F /* .appconfig.plist in Resources */ = {isa = PBXBuildFile; fileRef = FA7ED2E82B4AEDC9006CDA9F /* .appconfig.plist */; };
		FA7ED2ED2B4AFD1D006CDA9F /* SearchBar.swift in Sources */ = {isa = PBXBuildFile; fileRef = FA7ED2EC2B4AFD1D006CDA9F /* SearchBar.swift */; };
		FA7ED2EF2B4B02CD006CDA9F /* ListSearchResultsView.swift in Sources */ = {isa = PBXBuildFile; fileRef = FA7ED2EE2B4B02CD006CDA9F /* ListSearchResultsView.swift */; };
		FA7ED2F12B4B02E7006CDA9F /* GridSearchResultsView.swift in Sources */ = {isa = PBXBuildFile; fileRef = FA7ED2F02B4B02E7006CDA9F /* GridSearchResultsView.swift */; };
		FA7ED2F42B4B076A006CDA9F /* ImageCell.swift in Sources */ = {isa = PBXBuildFile; fileRef = FA7ED2F32B4B076A006CDA9F /* ImageCell.swift */; };
		FA7ED2F72B4BA252006CDA9F /* ImageCellTests.swift in Sources */ = {isa = PBXBuildFile; fileRef = FA7ED2F62B4BA252006CDA9F /* ImageCellTests.swift */; };
		FA7ED2FA2B4BA88B006CDA9F /* ViewInspector in Frameworks */ = {isa = PBXBuildFile; productRef = FA7ED2F92B4BA88B006CDA9F /* ViewInspector */; };
/* End PBXBuildFile section */

/* Begin PBXContainerItemProxy section */
		FA7ED2BB2B47954F006CDA9F /* PBXContainerItemProxy */ = {
			isa = PBXContainerItemProxy;
			containerPortal = FA7ED2A22B47954D006CDA9F /* Project object */;
			proxyType = 1;
			remoteGlobalIDString = FA7ED2A92B47954D006CDA9F;
			remoteInfo = WeeksTopImages;
		};
		FA7ED2C52B47954F006CDA9F /* PBXContainerItemProxy */ = {
			isa = PBXContainerItemProxy;
			containerPortal = FA7ED2A22B47954D006CDA9F /* Project object */;
			proxyType = 1;
			remoteGlobalIDString = FA7ED2A92B47954D006CDA9F;
			remoteInfo = WeeksTopImages;
		};
/* End PBXContainerItemProxy section */

/* Begin PBXFileReference section */
		FA7ED2AA2B47954D006CDA9F /* WeeksTopImages.app */ = {isa = PBXFileReference; explicitFileType = wrapper.application; includeInIndex = 0; path = WeeksTopImages.app; sourceTree = BUILT_PRODUCTS_DIR; };
		FA7ED2AD2B47954D006CDA9F /* WeeksTopImagesApp.swift */ = {isa = PBXFileReference; lastKnownFileType = sourcecode.swift; path = WeeksTopImagesApp.swift; sourceTree = "<group>"; };
		FA7ED2AF2B47954D006CDA9F /* ContentView.swift */ = {isa = PBXFileReference; lastKnownFileType = sourcecode.swift; path = ContentView.swift; sourceTree = "<group>"; };
		FA7ED2B12B47954E006CDA9F /* Assets.xcassets */ = {isa = PBXFileReference; lastKnownFileType = folder.assetcatalog; path = Assets.xcassets; sourceTree = "<group>"; };
		FA7ED2B42B47954E006CDA9F /* Preview Assets.xcassets */ = {isa = PBXFileReference; lastKnownFileType = folder.assetcatalog; path = "Preview Assets.xcassets"; sourceTree = "<group>"; };
		FA7ED2BA2B47954F006CDA9F /* WeeksTopImagesTests.xctest */ = {isa = PBXFileReference; explicitFileType = wrapper.cfbundle; includeInIndex = 0; path = WeeksTopImagesTests.xctest; sourceTree = BUILT_PRODUCTS_DIR; };
		FA7ED2C42B47954F006CDA9F /* WeeksTopImagesUITests.xctest */ = {isa = PBXFileReference; explicitFileType = wrapper.cfbundle; includeInIndex = 0; path = WeeksTopImagesUITests.xctest; sourceTree = BUILT_PRODUCTS_DIR; };
		FA7ED2C82B47954F006CDA9F /* WeeksTopImagesUITests.swift */ = {isa = PBXFileReference; lastKnownFileType = sourcecode.swift; path = WeeksTopImagesUITests.swift; sourceTree = "<group>"; };
		FA7ED2CA2B47954F006CDA9F /* WeeksTopImagesUITestsLaunchTests.swift */ = {isa = PBXFileReference; lastKnownFileType = sourcecode.swift; path = WeeksTopImagesUITestsLaunchTests.swift; sourceTree = "<group>"; };
		FA7ED2DB2B47E5DD006CDA9F /* GallerySearchService.swift */ = {isa = PBXFileReference; lastKnownFileType = sourcecode.swift; path = GallerySearchService.swift; sourceTree = "<group>"; };
		FA7ED2DD2B47E5F7006CDA9F /* ImageModel.swift */ = {isa = PBXFileReference; lastKnownFileType = sourcecode.swift; path = ImageModel.swift; sourceTree = "<group>"; };
		FA7ED2DF2B47E6C5006CDA9F /* DateFormatter.swift */ = {isa = PBXFileReference; lastKnownFileType = sourcecode.swift; path = DateFormatter.swift; sourceTree = "<group>"; };
		FA7ED2E22B4AD06E006CDA9F /* GallerySearchService.swift */ = {isa = PBXFileReference; lastKnownFileType = sourcecode.swift; path = GallerySearchService.swift; sourceTree = "<group>"; };
		FA7ED2E42B4ADDBC006CDA9F /* AppConfig.swift */ = {isa = PBXFileReference; lastKnownFileType = sourcecode.swift; path = AppConfig.swift; sourceTree = "<group>"; };
		FA7ED2E62B4AE1E4006CDA9F /* GallerySearchService+Config.swift */ = {isa = PBXFileReference; lastKnownFileType = sourcecode.swift; path = "GallerySearchService+Config.swift"; sourceTree = "<group>"; };
		FA7ED2E82B4AEDC9006CDA9F /* .appconfig.plist */ = {isa = PBXFileReference; lastKnownFileType = text.plist.xml; path = .appconfig.plist; sourceTree = "<group>"; };
		FA7ED2EC2B4AFD1D006CDA9F /* SearchBar.swift */ = {isa = PBXFileReference; lastKnownFileType = sourcecode.swift; path = SearchBar.swift; sourceTree = "<group>"; };
		FA7ED2EE2B4B02CD006CDA9F /* ListSearchResultsView.swift */ = {isa = PBXFileReference; lastKnownFileType = sourcecode.swift; path = ListSearchResultsView.swift; sourceTree = "<group>"; };
		FA7ED2F02B4B02E7006CDA9F /* GridSearchResultsView.swift */ = {isa = PBXFileReference; lastKnownFileType = sourcecode.swift; path = GridSearchResultsView.swift; sourceTree = "<group>"; };
		FA7ED2F32B4B076A006CDA9F /* ImageCell.swift */ = {isa = PBXFileReference; lastKnownFileType = sourcecode.swift; path = ImageCell.swift; sourceTree = "<group>"; };
		FA7ED2F62B4BA252006CDA9F /* ImageCellTests.swift */ = {isa = PBXFileReference; lastKnownFileType = sourcecode.swift; path = ImageCellTests.swift; sourceTree = "<group>"; };
/* End PBXFileReference section */

/* Begin PBXFrameworksBuildPhase section */
		FA7ED2A72B47954D006CDA9F /* Frameworks */ = {
			isa = PBXFrameworksBuildPhase;
			buildActionMask = 2147483647;
			files = (
			);
			runOnlyForDeploymentPostprocessing = 0;
		};
		FA7ED2B72B47954F006CDA9F /* Frameworks */ = {
			isa = PBXFrameworksBuildPhase;
			buildActionMask = 2147483647;
			files = (
				FA7ED2FA2B4BA88B006CDA9F /* ViewInspector in Frameworks */,
			);
			runOnlyForDeploymentPostprocessing = 0;
		};
		FA7ED2C12B47954F006CDA9F /* Frameworks */ = {
			isa = PBXFrameworksBuildPhase;
			buildActionMask = 2147483647;
			files = (
			);
			runOnlyForDeploymentPostprocessing = 0;
		};
/* End PBXFrameworksBuildPhase section */

/* Begin PBXGroup section */
		FA7ED2A12B47954D006CDA9F = {
			isa = PBXGroup;
			children = (
				FA7ED2AC2B47954D006CDA9F /* WeeksTopImages */,
				FA7ED2BD2B47954F006CDA9F /* WeeksTopImagesTests */,
				FA7ED2C72B47954F006CDA9F /* WeeksTopImagesUITests */,
				FA7ED2AB2B47954D006CDA9F /* Products */,
			);
			sourceTree = "<group>";
		};
		FA7ED2AB2B47954D006CDA9F /* Products */ = {
			isa = PBXGroup;
			children = (
				FA7ED2AA2B47954D006CDA9F /* WeeksTopImages.app */,
				FA7ED2BA2B47954F006CDA9F /* WeeksTopImagesTests.xctest */,
				FA7ED2C42B47954F006CDA9F /* WeeksTopImagesUITests.xctest */,
			);
			name = Products;
			sourceTree = "<group>";
		};
		FA7ED2AC2B47954D006CDA9F /* WeeksTopImages */ = {
			isa = PBXGroup;
			children = (
				FA7ED2DA2B47E336006CDA9F /* Utilities */,
				FA7ED2D92B47E2B7006CDA9F /* Models */,
				FA7ED2D82B47E29F006CDA9F /* Services */,
				FA7ED2F22B4B0711006CDA9F /* Components */,
				FA7ED2D72B47E230006CDA9F /* Views */,
				FA7ED2AD2B47954D006CDA9F /* WeeksTopImagesApp.swift */,
				FA7ED2B12B47954E006CDA9F /* Assets.xcassets */,
				FA7ED2B32B47954E006CDA9F /* Preview Content */,
				FA7ED2E82B4AEDC9006CDA9F /* .appconfig.plist */,
			);
			path = WeeksTopImages;
			sourceTree = "<group>";
		};
		FA7ED2B32B47954E006CDA9F /* Preview Content */ = {
			isa = PBXGroup;
			children = (
				FA7ED2B42B47954E006CDA9F /* Preview Assets.xcassets */,
			);
			path = "Preview Content";
			sourceTree = "<group>";
		};
		FA7ED2BD2B47954F006CDA9F /* WeeksTopImagesTests */ = {
			isa = PBXGroup;
			children = (
				FA7ED2F52B4BA21F006CDA9F /* Components */,
				FA7ED2E12B4AD01F006CDA9F /* Services */,
			);
			path = WeeksTopImagesTests;
			sourceTree = "<group>";
		};
		FA7ED2C72B47954F006CDA9F /* WeeksTopImagesUITests */ = {
			isa = PBXGroup;
			children = (
				FA7ED2C82B47954F006CDA9F /* WeeksTopImagesUITests.swift */,
				FA7ED2CA2B47954F006CDA9F /* WeeksTopImagesUITestsLaunchTests.swift */,
			);
			path = WeeksTopImagesUITests;
			sourceTree = "<group>";
		};
		FA7ED2D72B47E230006CDA9F /* Views */ = {
			isa = PBXGroup;
			children = (
				FA7ED2AF2B47954D006CDA9F /* ContentView.swift */,
				FA7ED2EC2B4AFD1D006CDA9F /* SearchBar.swift */,
				FA7ED2EE2B4B02CD006CDA9F /* ListSearchResultsView.swift */,
				FA7ED2F02B4B02E7006CDA9F /* GridSearchResultsView.swift */,
			);
			path = Views;
			sourceTree = "<group>";
		};
		FA7ED2D82B47E29F006CDA9F /* Services */ = {
			isa = PBXGroup;
			children = (
				FA7ED2DB2B47E5DD006CDA9F /* GallerySearchService.swift */,
				FA7ED2E62B4AE1E4006CDA9F /* GallerySearchService+Config.swift */,
			);
			path = Services;
			sourceTree = "<group>";
		};
		FA7ED2D92B47E2B7006CDA9F /* Models */ = {
			isa = PBXGroup;
			children = (
				FA7ED2DD2B47E5F7006CDA9F /* ImageModel.swift */,
			);
			path = Models;
			sourceTree = "<group>";
		};
		FA7ED2DA2B47E336006CDA9F /* Utilities */ = {
			isa = PBXGroup;
			children = (
				FA7ED2DF2B47E6C5006CDA9F /* DateFormatter.swift */,
				FA7ED2E42B4ADDBC006CDA9F /* AppConfig.swift */,
			);
			path = Utilities;
			sourceTree = "<group>";
		};
		FA7ED2E12B4AD01F006CDA9F /* Services */ = {
			isa = PBXGroup;
			children = (
				FA7ED2E22B4AD06E006CDA9F /* GallerySearchService.swift */,
			);
			path = Services;
			sourceTree = "<group>";
		};
		FA7ED2F22B4B0711006CDA9F /* Components */ = {
			isa = PBXGroup;
			children = (
				FA7ED2F32B4B076A006CDA9F /* ImageCell.swift */,
			);
			path = Components;
			sourceTree = "<group>";
		};
		FA7ED2F52B4BA21F006CDA9F /* Components */ = {
			isa = PBXGroup;
			children = (
				FA7ED2F62B4BA252006CDA9F /* ImageCellTests.swift */,
			);
			path = Components;
			sourceTree = "<group>";
		};
/* End PBXGroup section */

/* Begin PBXNativeTarget section */
		FA7ED2A92B47954D006CDA9F /* WeeksTopImages */ = {
			isa = PBXNativeTarget;
			buildConfigurationList = FA7ED2CE2B47954F006CDA9F /* Build configuration list for PBXNativeTarget "WeeksTopImages" */;
			buildPhases = (
				FA7ED2A62B47954D006CDA9F /* Sources */,
				FA7ED2A72B47954D006CDA9F /* Frameworks */,
				FA7ED2A82B47954D006CDA9F /* Resources */,
			);
			buildRules = (
			);
			dependencies = (
			);
			name = WeeksTopImages;
			productName = WeeksTopImages;
			productReference = FA7ED2AA2B47954D006CDA9F /* WeeksTopImages.app */;
			productType = "com.apple.product-type.application";
		};
		FA7ED2B92B47954F006CDA9F /* WeeksTopImagesTests */ = {
			isa = PBXNativeTarget;
			buildConfigurationList = FA7ED2D12B47954F006CDA9F /* Build configuration list for PBXNativeTarget "WeeksTopImagesTests" */;
			buildPhases = (
				FA7ED2B62B47954F006CDA9F /* Sources */,
				FA7ED2B72B47954F006CDA9F /* Frameworks */,
				FA7ED2B82B47954F006CDA9F /* Resources */,
			);
			buildRules = (
			);
			dependencies = (
				FA7ED2BC2B47954F006CDA9F /* PBXTargetDependency */,
			);
			name = WeeksTopImagesTests;
			packageProductDependencies = (
				FA7ED2F92B4BA88B006CDA9F /* ViewInspector */,
			);
			productName = WeeksTopImagesTests;
			productReference = FA7ED2BA2B47954F006CDA9F /* WeeksTopImagesTests.xctest */;
			productType = "com.apple.product-type.bundle.unit-test";
		};
		FA7ED2C32B47954F006CDA9F /* WeeksTopImagesUITests */ = {
			isa = PBXNativeTarget;
			buildConfigurationList = FA7ED2D42B47954F006CDA9F /* Build configuration list for PBXNativeTarget "WeeksTopImagesUITests" */;
			buildPhases = (
				FA7ED2C02B47954F006CDA9F /* Sources */,
				FA7ED2C12B47954F006CDA9F /* Frameworks */,
				FA7ED2C22B47954F006CDA9F /* Resources */,
			);
			buildRules = (
			);
			dependencies = (
				FA7ED2C62B47954F006CDA9F /* PBXTargetDependency */,
			);
			name = WeeksTopImagesUITests;
			productName = WeeksTopImagesUITests;
			productReference = FA7ED2C42B47954F006CDA9F /* WeeksTopImagesUITests.xctest */;
			productType = "com.apple.product-type.bundle.ui-testing";
		};
/* End PBXNativeTarget section */

/* Begin PBXProject section */
		FA7ED2A22B47954D006CDA9F /* Project object */ = {
			isa = PBXProject;
			attributes = {
				BuildIndependentTargetsInParallel = 1;
				LastSwiftUpdateCheck = 1510;
				LastUpgradeCheck = 1510;
				TargetAttributes = {
					FA7ED2A92B47954D006CDA9F = {
						CreatedOnToolsVersion = 15.1;
					};
					FA7ED2B92B47954F006CDA9F = {
						CreatedOnToolsVersion = 15.1;
						LastSwiftMigration = 1510;
						TestTargetID = FA7ED2A92B47954D006CDA9F;
					};
					FA7ED2C32B47954F006CDA9F = {
						CreatedOnToolsVersion = 15.1;
						TestTargetID = FA7ED2A92B47954D006CDA9F;
					};
				};
			};
			buildConfigurationList = FA7ED2A52B47954D006CDA9F /* Build configuration list for PBXProject "WeeksTopImages" */;
			compatibilityVersion = "Xcode 14.0";
			developmentRegion = en;
			hasScannedForEncodings = 0;
			knownRegions = (
				en,
				Base,
			);
			mainGroup = FA7ED2A12B47954D006CDA9F;
			packageReferences = (
				FA7ED2F82B4BA88B006CDA9F /* XCRemoteSwiftPackageReference "ViewInspector" */,
			);
			productRefGroup = FA7ED2AB2B47954D006CDA9F /* Products */;
			projectDirPath = "";
			projectRoot = "";
			targets = (
				FA7ED2A92B47954D006CDA9F /* WeeksTopImages */,
				FA7ED2B92B47954F006CDA9F /* WeeksTopImagesTests */,
				FA7ED2C32B47954F006CDA9F /* WeeksTopImagesUITests */,
			);
		};
/* End PBXProject section */

/* Begin PBXResourcesBuildPhase section */
		FA7ED2A82B47954D006CDA9F /* Resources */ = {
			isa = PBXResourcesBuildPhase;
			buildActionMask = 2147483647;
			files = (
				FA7ED2E92B4AEDC9006CDA9F /* .appconfig.plist in Resources */,
				FA7ED2B52B47954E006CDA9F /* Preview Assets.xcassets in Resources */,
				FA7ED2B22B47954E006CDA9F /* Assets.xcassets in Resources */,
			);
			runOnlyForDeploymentPostprocessing = 0;
		};
		FA7ED2B82B47954F006CDA9F /* Resources */ = {
			isa = PBXResourcesBuildPhase;
			buildActionMask = 2147483647;
			files = (
			);
			runOnlyForDeploymentPostprocessing = 0;
		};
		FA7ED2C22B47954F006CDA9F /* Resources */ = {
			isa = PBXResourcesBuildPhase;
			buildActionMask = 2147483647;
			files = (
			);
			runOnlyForDeploymentPostprocessing = 0;
		};
/* End PBXResourcesBuildPhase section */

/* Begin PBXSourcesBuildPhase section */
		FA7ED2A62B47954D006CDA9F /* Sources */ = {
			isa = PBXSourcesBuildPhase;
			buildActionMask = 2147483647;
			files = (
				FA7ED2B02B47954D006CDA9F /* ContentView.swift in Sources */,
				FA7ED2AE2B47954D006CDA9F /* WeeksTopImagesApp.swift in Sources */,
				FA7ED2F42B4B076A006CDA9F /* ImageCell.swift in Sources */,
				FA7ED2DC2B47E5DD006CDA9F /* GallerySearchService.swift in Sources */,
				FA7ED2E72B4AE1E4006CDA9F /* GallerySearchService+Config.swift in Sources */,
				FA7ED2E52B4ADDBC006CDA9F /* AppConfig.swift in Sources */,
				FA7ED2ED2B4AFD1D006CDA9F /* SearchBar.swift in Sources */,
				FA7ED2EF2B4B02CD006CDA9F /* ListSearchResultsView.swift in Sources */,
				FA7ED2DE2B47E5F7006CDA9F /* ImageModel.swift in Sources */,
				FA7ED2E02B47E6C5006CDA9F /* DateFormatter.swift in Sources */,
				FA7ED2F12B4B02E7006CDA9F /* GridSearchResultsView.swift in Sources */,
			);
			runOnlyForDeploymentPostprocessing = 0;
		};
		FA7ED2B62B47954F006CDA9F /* Sources */ = {
			isa = PBXSourcesBuildPhase;
			buildActionMask = 2147483647;
			files = (
				FA7ED2E32B4AD06E006CDA9F /* GallerySearchService.swift in Sources */,
				FA7ED2F72B4BA252006CDA9F /* ImageCellTests.swift in Sources */,
			);
			runOnlyForDeploymentPostprocessing = 0;
		};
		FA7ED2C02B47954F006CDA9F /* Sources */ = {
			isa = PBXSourcesBuildPhase;
			buildActionMask = 2147483647;
			files = (
				FA7ED2CB2B47954F006CDA9F /* WeeksTopImagesUITestsLaunchTests.swift in Sources */,
				FA7ED2C92B47954F006CDA9F /* WeeksTopImagesUITests.swift in Sources */,
			);
			runOnlyForDeploymentPostprocessing = 0;
		};
/* End PBXSourcesBuildPhase section */

/* Begin PBXTargetDependency section */
		FA7ED2BC2B47954F006CDA9F /* PBXTargetDependency */ = {
			isa = PBXTargetDependency;
			target = FA7ED2A92B47954D006CDA9F /* WeeksTopImages */;
			targetProxy = FA7ED2BB2B47954F006CDA9F /* PBXContainerItemProxy */;
		};
		FA7ED2C62B47954F006CDA9F /* PBXTargetDependency */ = {
			isa = PBXTargetDependency;
			target = FA7ED2A92B47954D006CDA9F /* WeeksTopImages */;
			targetProxy = FA7ED2C52B47954F006CDA9F /* PBXContainerItemProxy */;
		};
/* End PBXTargetDependency section */

/* Begin XCBuildConfiguration section */
		FA7ED2CC2B47954F006CDA9F /* Debug */ = {
			isa = XCBuildConfiguration;
			buildSettings = {
				ALWAYS_SEARCH_USER_PATHS = NO;
				ASSETCATALOG_COMPILER_GENERATE_SWIFT_ASSET_SYMBOL_EXTENSIONS = YES;
				CLANG_ANALYZER_NONNULL = YES;
				CLANG_ANALYZER_NUMBER_OBJECT_CONVERSION = YES_AGGRESSIVE;
				CLANG_CXX_LANGUAGE_STANDARD = "gnu++20";
				CLANG_ENABLE_MODULES = YES;
				CLANG_ENABLE_OBJC_ARC = YES;
				CLANG_ENABLE_OBJC_WEAK = YES;
				CLANG_WARN_BLOCK_CAPTURE_AUTORELEASING = YES;
				CLANG_WARN_BOOL_CONVERSION = YES;
				CLANG_WARN_COMMA = YES;
				CLANG_WARN_CONSTANT_CONVERSION = YES;
				CLANG_WARN_DEPRECATED_OBJC_IMPLEMENTATIONS = YES;
				CLANG_WARN_DIRECT_OBJC_ISA_USAGE = YES_ERROR;
				CLANG_WARN_DOCUMENTATION_COMMENTS = YES;
				CLANG_WARN_EMPTY_BODY = YES;
				CLANG_WARN_ENUM_CONVERSION = YES;
				CLANG_WARN_INFINITE_RECURSION = YES;
				CLANG_WARN_INT_CONVERSION = YES;
				CLANG_WARN_NON_LITERAL_NULL_CONVERSION = YES;
				CLANG_WARN_OBJC_IMPLICIT_RETAIN_SELF = YES;
				CLANG_WARN_OBJC_LITERAL_CONVERSION = YES;
				CLANG_WARN_OBJC_ROOT_CLASS = YES_ERROR;
				CLANG_WARN_QUOTED_INCLUDE_IN_FRAMEWORK_HEADER = YES;
				CLANG_WARN_RANGE_LOOP_ANALYSIS = YES;
				CLANG_WARN_STRICT_PROTOTYPES = YES;
				CLANG_WARN_SUSPICIOUS_MOVE = YES;
				CLANG_WARN_UNGUARDED_AVAILABILITY = YES_AGGRESSIVE;
				CLANG_WARN_UNREACHABLE_CODE = YES;
				CLANG_WARN__DUPLICATE_METHOD_MATCH = YES;
				COPY_PHASE_STRIP = NO;
				DEBUG_INFORMATION_FORMAT = dwarf;
				ENABLE_STRICT_OBJC_MSGSEND = YES;
				ENABLE_TESTABILITY = YES;
				ENABLE_USER_SCRIPT_SANDBOXING = YES;
				GCC_C_LANGUAGE_STANDARD = gnu17;
				GCC_DYNAMIC_NO_PIC = NO;
				GCC_NO_COMMON_BLOCKS = YES;
				GCC_OPTIMIZATION_LEVEL = 0;
				GCC_PREPROCESSOR_DEFINITIONS = (
					"DEBUG=1",
					"$(inherited)",
				);
				GCC_WARN_64_TO_32_BIT_CONVERSION = YES;
				GCC_WARN_ABOUT_RETURN_TYPE = YES_ERROR;
				GCC_WARN_UNDECLARED_SELECTOR = YES;
				GCC_WARN_UNINITIALIZED_AUTOS = YES_AGGRESSIVE;
				GCC_WARN_UNUSED_FUNCTION = YES;
				GCC_WARN_UNUSED_VARIABLE = YES;
				IPHONEOS_DEPLOYMENT_TARGET = 15.0;
				LOCALIZATION_PREFERS_STRING_CATALOGS = YES;
				MTL_ENABLE_DEBUG_INFO = INCLUDE_SOURCE;
				MTL_FAST_MATH = YES;
				ONLY_ACTIVE_ARCH = YES;
				SDKROOT = iphoneos;
				SWIFT_ACTIVE_COMPILATION_CONDITIONS = "DEBUG $(inherited)";
				SWIFT_OPTIMIZATION_LEVEL = "-Onone";
			};
			name = Debug;
		};
		FA7ED2CD2B47954F006CDA9F /* Release */ = {
			isa = XCBuildConfiguration;
			buildSettings = {
				ALWAYS_SEARCH_USER_PATHS = NO;
				ASSETCATALOG_COMPILER_GENERATE_SWIFT_ASSET_SYMBOL_EXTENSIONS = YES;
				CLANG_ANALYZER_NONNULL = YES;
				CLANG_ANALYZER_NUMBER_OBJECT_CONVERSION = YES_AGGRESSIVE;
				CLANG_CXX_LANGUAGE_STANDARD = "gnu++20";
				CLANG_ENABLE_MODULES = YES;
				CLANG_ENABLE_OBJC_ARC = YES;
				CLANG_ENABLE_OBJC_WEAK = YES;
				CLANG_WARN_BLOCK_CAPTURE_AUTORELEASING = YES;
				CLANG_WARN_BOOL_CONVERSION = YES;
				CLANG_WARN_COMMA = YES;
				CLANG_WARN_CONSTANT_CONVERSION = YES;
				CLANG_WARN_DEPRECATED_OBJC_IMPLEMENTATIONS = YES;
				CLANG_WARN_DIRECT_OBJC_ISA_USAGE = YES_ERROR;
				CLANG_WARN_DOCUMENTATION_COMMENTS = YES;
				CLANG_WARN_EMPTY_BODY = YES;
				CLANG_WARN_ENUM_CONVERSION = YES;
				CLANG_WARN_INFINITE_RECURSION = YES;
				CLANG_WARN_INT_CONVERSION = YES;
				CLANG_WARN_NON_LITERAL_NULL_CONVERSION = YES;
				CLANG_WARN_OBJC_IMPLICIT_RETAIN_SELF = YES;
				CLANG_WARN_OBJC_LITERAL_CONVERSION = YES;
				CLANG_WARN_OBJC_ROOT_CLASS = YES_ERROR;
				CLANG_WARN_QUOTED_INCLUDE_IN_FRAMEWORK_HEADER = YES;
				CLANG_WARN_RANGE_LOOP_ANALYSIS = YES;
				CLANG_WARN_STRICT_PROTOTYPES = YES;
				CLANG_WARN_SUSPICIOUS_MOVE = YES;
				CLANG_WARN_UNGUARDED_AVAILABILITY = YES_AGGRESSIVE;
				CLANG_WARN_UNREACHABLE_CODE = YES;
				CLANG_WARN__DUPLICATE_METHOD_MATCH = YES;
				COPY_PHASE_STRIP = NO;
				DEBUG_INFORMATION_FORMAT = "dwarf-with-dsym";
				ENABLE_NS_ASSERTIONS = NO;
				ENABLE_STRICT_OBJC_MSGSEND = YES;
				ENABLE_USER_SCRIPT_SANDBOXING = YES;
				GCC_C_LANGUAGE_STANDARD = gnu17;
				GCC_NO_COMMON_BLOCKS = YES;
				GCC_WARN_64_TO_32_BIT_CONVERSION = YES;
				GCC_WARN_ABOUT_RETURN_TYPE = YES_ERROR;
				GCC_WARN_UNDECLARED_SELECTOR = YES;
				GCC_WARN_UNINITIALIZED_AUTOS = YES_AGGRESSIVE;
				GCC_WARN_UNUSED_FUNCTION = YES;
				GCC_WARN_UNUSED_VARIABLE = YES;
				IPHONEOS_DEPLOYMENT_TARGET = 15.0;
				LOCALIZATION_PREFERS_STRING_CATALOGS = YES;
				MTL_ENABLE_DEBUG_INFO = NO;
				MTL_FAST_MATH = YES;
				SDKROOT = iphoneos;
				SWIFT_COMPILATION_MODE = wholemodule;
				VALIDATE_PRODUCT = YES;
			};
			name = Release;
		};
		FA7ED2CF2B47954F006CDA9F /* Debug */ = {
			isa = XCBuildConfiguration;
			buildSettings = {
				ASSETCATALOG_COMPILER_APPICON_NAME = AppIcon;
				ASSETCATALOG_COMPILER_GLOBAL_ACCENT_COLOR_NAME = AccentColor;
				CODE_SIGN_STYLE = Automatic;
				CURRENT_PROJECT_VERSION = 1;
				DEVELOPMENT_ASSET_PATHS = "\"WeeksTopImages/Preview Content\"";
				ENABLE_PREVIEWS = YES;
				GENERATE_INFOPLIST_FILE = YES;
				INFOPLIST_KEY_UIApplicationSceneManifest_Generation = YES;
				INFOPLIST_KEY_UIApplicationSupportsIndirectInputEvents = YES;
				INFOPLIST_KEY_UILaunchScreen_Generation = YES;
				INFOPLIST_KEY_UISupportedInterfaceOrientations_iPad = "UIInterfaceOrientationPortrait UIInterfaceOrientationPortraitUpsideDown UIInterfaceOrientationLandscapeLeft UIInterfaceOrientationLandscapeRight";
				INFOPLIST_KEY_UISupportedInterfaceOrientations_iPhone = "UIInterfaceOrientationPortrait UIInterfaceOrientationLandscapeLeft UIInterfaceOrientationLandscapeRight";
				LD_RUNPATH_SEARCH_PATHS = (
					"$(inherited)",
					"@executable_path/Frameworks",
				);
				MARKETING_VERSION = 1.0;
				PRODUCT_BUNDLE_IDENTIFIER = "com.shiva-kumar.app.weekstopimages.WeeksTopImages";
				PRODUCT_NAME = "$(TARGET_NAME)";
				SWIFT_EMIT_LOC_STRINGS = YES;
				SWIFT_VERSION = 5.0;
				TARGETED_DEVICE_FAMILY = "1,2";
			};
			name = Debug;
		};
		FA7ED2D02B47954F006CDA9F /* Release */ = {
			isa = XCBuildConfiguration;
			buildSettings = {
				ASSETCATALOG_COMPILER_APPICON_NAME = AppIcon;
				ASSETCATALOG_COMPILER_GLOBAL_ACCENT_COLOR_NAME = AccentColor;
				CODE_SIGN_STYLE = Automatic;
				CURRENT_PROJECT_VERSION = 1;
				DEVELOPMENT_ASSET_PATHS = "\"WeeksTopImages/Preview Content\"";
				ENABLE_PREVIEWS = YES;
				GENERATE_INFOPLIST_FILE = YES;
				INFOPLIST_KEY_UIApplicationSceneManifest_Generation = YES;
				INFOPLIST_KEY_UIApplicationSupportsIndirectInputEvents = YES;
				INFOPLIST_KEY_UILaunchScreen_Generation = YES;
				INFOPLIST_KEY_UISupportedInterfaceOrientations_iPad = "UIInterfaceOrientationPortrait UIInterfaceOrientationPortraitUpsideDown UIInterfaceOrientationLandscapeLeft UIInterfaceOrientationLandscapeRight";
				INFOPLIST_KEY_UISupportedInterfaceOrientations_iPhone = "UIInterfaceOrientationPortrait UIInterfaceOrientationLandscapeLeft UIInterfaceOrientationLandscapeRight";
				LD_RUNPATH_SEARCH_PATHS = (
					"$(inherited)",
					"@executable_path/Frameworks",
				);
				MARKETING_VERSION = 1.0;
				PRODUCT_BUNDLE_IDENTIFIER = "com.shiva-kumar.app.weekstopimages.WeeksTopImages";
				PRODUCT_NAME = "$(TARGET_NAME)";
				SWIFT_EMIT_LOC_STRINGS = YES;
				SWIFT_VERSION = 5.0;
				TARGETED_DEVICE_FAMILY = "1,2";
			};
			name = Release;
		};
		FA7ED2D22B47954F006CDA9F /* Debug */ = {
			isa = XCBuildConfiguration;
			buildSettings = {
				ALWAYS_EMBED_SWIFT_STANDARD_LIBRARIES = YES;
				BUNDLE_LOADER = "$(TEST_HOST)";
				CLANG_ENABLE_MODULES = YES;
				CODE_SIGN_STYLE = Automatic;
				CURRENT_PROJECT_VERSION = 1;
				GENERATE_INFOPLIST_FILE = YES;
				IPHONEOS_DEPLOYMENT_TARGET = 17.2;
				MARKETING_VERSION = 1.0;
				PRODUCT_BUNDLE_IDENTIFIER = "com.shiva-kumar.app.weekstopimages.WeeksTopImagesTests";
				PRODUCT_NAME = "$(TARGET_NAME)";
				SWIFT_EMIT_LOC_STRINGS = NO;
				SWIFT_OPTIMIZATION_LEVEL = "-Onone";
				SWIFT_VERSION = 5.0;
				TARGETED_DEVICE_FAMILY = "1,2";
				TEST_HOST = "$(BUILT_PRODUCTS_DIR)/WeeksTopImages.app/$(BUNDLE_EXECUTABLE_FOLDER_PATH)/WeeksTopImages";
			};
			name = Debug;
		};
		FA7ED2D32B47954F006CDA9F /* Release */ = {
			isa = XCBuildConfiguration;
			buildSettings = {
				ALWAYS_EMBED_SWIFT_STANDARD_LIBRARIES = YES;
				BUNDLE_LOADER = "$(TEST_HOST)";
				CLANG_ENABLE_MODULES = YES;
				CODE_SIGN_STYLE = Automatic;
				CURRENT_PROJECT_VERSION = 1;
				GENERATE_INFOPLIST_FILE = YES;
				IPHONEOS_DEPLOYMENT_TARGET = 17.2;
				MARKETING_VERSION = 1.0;
				PRODUCT_BUNDLE_IDENTIFIER = "com.shiva-kumar.app.weekstopimages.WeeksTopImagesTests";
				PRODUCT_NAME = "$(TARGET_NAME)";
				SWIFT_EMIT_LOC_STRINGS = NO;
				SWIFT_VERSION = 5.0;
				TARGETED_DEVICE_FAMILY = "1,2";
				TEST_HOST = "$(BUILT_PRODUCTS_DIR)/WeeksTopImages.app/$(BUNDLE_EXECUTABLE_FOLDER_PATH)/WeeksTopImages";
			};
			name = Release;
		};
		FA7ED2D52B47954F006CDA9F /* Debug */ = {
			isa = XCBuildConfiguration;
			buildSettings = {
				ALWAYS_EMBED_SWIFT_STANDARD_LIBRARIES = YES;
				CODE_SIGN_STYLE = Automatic;
				CURRENT_PROJECT_VERSION = 1;
				GENERATE_INFOPLIST_FILE = YES;
				MARKETING_VERSION = 1.0;
				PRODUCT_BUNDLE_IDENTIFIER = "com.shiva-kumar.app.weekstopimages.WeeksTopImagesUITests";
				PRODUCT_NAME = "$(TARGET_NAME)";
				SWIFT_EMIT_LOC_STRINGS = NO;
				SWIFT_VERSION = 5.0;
				TARGETED_DEVICE_FAMILY = "1,2";
				TEST_TARGET_NAME = WeeksTopImages;
			};
			name = Debug;
		};
		FA7ED2D62B47954F006CDA9F /* Release */ = {
			isa = XCBuildConfiguration;
			buildSettings = {
				ALWAYS_EMBED_SWIFT_STANDARD_LIBRARIES = YES;
				CODE_SIGN_STYLE = Automatic;
				CURRENT_PROJECT_VERSION = 1;
				GENERATE_INFOPLIST_FILE = YES;
				MARKETING_VERSION = 1.0;
				PRODUCT_BUNDLE_IDENTIFIER = "com.shiva-kumar.app.weekstopimages.WeeksTopImagesUITests";
				PRODUCT_NAME = "$(TARGET_NAME)";
				SWIFT_EMIT_LOC_STRINGS = NO;
				SWIFT_VERSION = 5.0;
				TARGETED_DEVICE_FAMILY = "1,2";
				TEST_TARGET_NAME = WeeksTopImages;
			};
			name = Release;
		};
/* End XCBuildConfiguration section */

/* Begin XCConfigurationList section */
		FA7ED2A52B47954D006CDA9F /* Build configuration list for PBXProject "WeeksTopImages" */ = {
			isa = XCConfigurationList;
			buildConfigurations = (
				FA7ED2CC2B47954F006CDA9F /* Debug */,
				FA7ED2CD2B47954F006CDA9F /* Release */,
			);
			defaultConfigurationIsVisible = 0;
			defaultConfigurationName = Release;
		};
		FA7ED2CE2B47954F006CDA9F /* Build configuration list for PBXNativeTarget "WeeksTopImages" */ = {
			isa = XCConfigurationList;
			buildConfigurations = (
				FA7ED2CF2B47954F006CDA9F /* Debug */,
				FA7ED2D02B47954F006CDA9F /* Release */,
			);
			defaultConfigurationIsVisible = 0;
			defaultConfigurationName = Release;
		};
		FA7ED2D12B47954F006CDA9F /* Build configuration list for PBXNativeTarget "WeeksTopImagesTests" */ = {
			isa = XCConfigurationList;
			buildConfigurations = (
				FA7ED2D22B47954F006CDA9F /* Debug */,
				FA7ED2D32B47954F006CDA9F /* Release */,
			);
			defaultConfigurationIsVisible = 0;
			defaultConfigurationName = Release;
		};
		FA7ED2D42B47954F006CDA9F /* Build configuration list for PBXNativeTarget "WeeksTopImagesUITests" */ = {
			isa = XCConfigurationList;
			buildConfigurations = (
				FA7ED2D52B47954F006CDA9F /* Debug */,
				FA7ED2D62B47954F006CDA9F /* Release */,
			);
			defaultConfigurationIsVisible = 0;
			defaultConfigurationName = Release;
		};
/* End XCConfigurationList section */

/* Begin XCRemoteSwiftPackageReference section */
		FA7ED2F82B4BA88B006CDA9F /* XCRemoteSwiftPackageReference "ViewInspector" */ = {
			isa = XCRemoteSwiftPackageReference;
			repositoryURL = "https://github.com/nalexn/ViewInspector";
			requirement = {
				kind = upToNextMajorVersion;
				minimumVersion = 0.9.9;
			};
		};
/* End XCRemoteSwiftPackageReference section */

/* Begin XCSwiftPackageProductDependency section */
		FA7ED2F92B4BA88B006CDA9F /* ViewInspector */ = {
			isa = XCSwiftPackageProductDependency;
			package = FA7ED2F82B4BA88B006CDA9F /* XCRemoteSwiftPackageReference "ViewInspector" */;
			productName = ViewInspector;
		};
/* End XCSwiftPackageProductDependency section */
	};
	rootObject = FA7ED2A22B47954D006CDA9F /* Project object */;
}
